
Microsoft Visual Studio Solution File, Format Version 12.00
# Visual Studio Version 17
VisualStudioVersion = 17.0.31919.166
MinimumVisualStudioVersion = 10.0.40219.1
Project("{FAE04EC0-301F-11D3-BF4B-00C04F79EFBC}") = "Proje3.Web", "Proje3.Web\Proje3.Web.csproj", "{1D86F8BE-2299-4C2D-8916-561221DC9415}"
EndProject
Project("{FAE04EC0-301F-11D3-BF4B-00C04F79EFBC}") = "Proje3.API", "Proje3.API\Proje3.API.csproj", "{8CC211E0-B377-48FD-BDEC-8CCB67D1F7E7}"
EndProject
Project("{FAE04EC0-301F-11D3-BF4B-00C04F79EFBC}") = "Proje3.Model", "Proje3.Model\Proje3.Model.csproj", "{2CE5D208-D1E1-4B99-A554-BB3445D3EC5E}"
EndProject
Project("{FAE04EC0-301F-11D3-BF4B-00C04F79EFBC}") = "Proje3.Core", "Proje3.Core\Proje3.Core.csproj", "{17343BED-EDDB-494B-98AB-DC6F40F0C0E0}"
EndProject
Project("{FAE04EC0-301F-11D3-BF4B-00C04F79EFBC}") = "Proje3.Service", "Proje3.Service\Proje3.Service.csproj", "{F2943CFB-5BBD-40B7-8539-5B32BD8709A3}"
EndProject
Project("{FAE04EC0-301F-11D3-BF4B-00C04F79EFBC}") = "Proje3.DB", "Proje3.DB\Proje3.DB.csproj", "{69159C9A-574A-436A-B9AB-A40EC7E4E447}"
EndProject
Project("{FAE04EC0-301F-11D3-BF4B-00C04F79EFBC}") = "Proje3.Admin", "Proje3.Admin\Proje3.Admin.csproj", "{DBDFFA0F-CD49-452F-920A-AB7AF01DAAE1}"
EndProject
Global
	GlobalSection(SolutionConfigurationPlatforms) = preSolution
		Debug|Any CPU = Debug|Any CPU
		Release|Any CPU = Release|Any CPU
	EndGlobalSection
	GlobalSection(ProjectConfigurationPlatforms) = postSolution
		{1D86F8BE-2299-4C2D-8916-561221DC9415}.Debug|Any CPU.ActiveCfg = Debug|Any CPU
		{1D86F8BE-2299-4C2D-8916-561221DC9415}.Debug|Any CPU.Build.0 = Debug|Any CPU
		{1D86F8BE-2299-4C2D-8916-561221DC9415}.Release|Any CPU.ActiveCfg = Release|Any CPU
		{1D86F8BE-2299-4C2D-8916-561221DC9415}.Release|Any CPU.Build.0 = Release|Any CPU
		{8CC211E0-B377-48FD-BDEC-8CCB67D1F7E7}.Debug|Any CPU.ActiveCfg = Debug|Any CPU
		{8CC211E0-B377-48FD-BDEC-8CCB67D1F7E7}.Debug|Any CPU.Build.0 = Debug|Any CPU
		{8CC211E0-B377-48FD-BDEC-8CCB67D1F7E7}.Release|Any CPU.ActiveCfg = Release|Any CPU
		{8CC211E0-B377-48FD-BDEC-8CCB67D1F7E7}.Release|Any CPU.Build.0 = Release|Any CPU
		{2CE5D208-D1E1-4B99-A554-BB3445D3EC5E}.Debug|Any CPU.ActiveCfg = Debug|Any CPU
		{2CE5D208-D1E1-4B99-A554-BB3445D3EC5E}.Debug|Any CPU.Build.0 = Debug|Any CPU
		{2CE5D208-D1E1-4B99-A554-BB3445D3EC5E}.Release|Any CPU.ActiveCfg = Release|Any CPU
		{2CE5D208-D1E1-4B99-A554-BB3445D3EC5E}.Release|Any CPU.Build.0 = Release|Any CPU
		{17343BED-EDDB-494B-98AB-DC6F40F0C0E0}.Debug|Any CPU.ActiveCfg = Debug|Any CPU
		{17343BED-EDDB-494B-98AB-DC6F40F0C0E0}.Debug|Any CPU.Build.0 = Debug|Any CPU
		{17343BED-EDDB-494B-98AB-DC6F40F0C0E0}.Release|Any CPU.ActiveCfg = Release|Any CPU
		{17343BED-EDDB-494B-98AB-DC6F40F0C0E0}.Release|Any CPU.Build.0 = Release|Any CPU
		{F2943CFB-5BBD-40B7-8539-5B32BD8709A3}.Debug|Any CPU.ActiveCfg = Debug|Any CPU
		{F2943CFB-5BBD-40B7-8539-5B32BD8709A3}.Debug|Any CPU.Build.0 = Debug|Any CPU
		{F2943CFB-5BBD-40B7-8539-5B32BD8709A3}.Release|Any CPU.ActiveCfg = Release|Any CPU
		{F2943CFB-5BBD-40B7-8539-5B32BD8709A3}.Release|Any CPU.Build.0 = Release|Any CPU
		{69159C9A-574A-436A-B9AB-A40EC7E4E447}.Debug|Any CPU.ActiveCfg = Debug|Any CPU
		{69159C9A-574A-436A-B9AB-A40EC7E4E447}.Debug|Any CPU.Build.0 = Debug|Any CPU
		{69159C9A-574A-436A-B9AB-A40EC7E4E447}.Release|Any CPU.ActiveCfg = Release|Any CPU
		{69159C9A-574A-436A-B9AB-A40EC7E4E447}.Release|Any CPU.Build.0 = Release|Any CPU
		{DBDFFA0F-CD49-452F-920A-AB7AF01DAAE1}.Debug|Any CPU.ActiveCfg = Debug|Any CPU
		{DBDFFA0F-CD49-452F-920A-AB7AF01DAAE1}.Debug|Any CPU.Build.0 = Debug|Any CPU
		{DBDFFA0F-CD49-452F-920A-AB7AF01DAAE1}.Release|Any CPU.ActiveCfg = Release|Any CPU
		{DBDFFA0F-CD49-452F-920A-AB7AF01DAAE1}.Release|Any CPU.Build.0 = Release|Any CPU
	EndGlobalSection
	GlobalSection(SolutionProperties) = preSolution
		HideSolutionNode = FALSE
	EndGlobalSection
	GlobalSection(ExtensibilityGlobals) = postSolution
		SolutionGuid = {F76E50E0-AD85-456D-A8B7-CCB98729BB00}
	EndGlobalSection
EndGlobal
